// !$*UTF8*$!
{
	archiveVersion = 1;
	classes = {
	};
	objectVersion = 50;
	objects = {

/* Begin PBXBuildFile section */
		298483892458BBF0004D4849 /* DetailViewController.swift in Sources */ = {isa = PBXBuildFile; fileRef = 298483882458BBF0004D4849 /* DetailViewController.swift */; };
		29C40A3C24535FA800CB0729 /* AppDelegate.swift in Sources */ = {isa = PBXBuildFile; fileRef = 29C40A3B24535FA800CB0729 /* AppDelegate.swift */; };
		29C40A3E24535FA800CB0729 /* SceneDelegate.swift in Sources */ = {isa = PBXBuildFile; fileRef = 29C40A3D24535FA800CB0729 /* SceneDelegate.swift */; };
		29C40A4024535FA800CB0729 /* ViewController.swift in Sources */ = {isa = PBXBuildFile; fileRef = 29C40A3F24535FA800CB0729 /* ViewController.swift */; };
		29C40A4324535FA800CB0729 /* Main.storyboard in Resources */ = {isa = PBXBuildFile; fileRef = 29C40A4124535FA800CB0729 /* Main.storyboard */; };
		29C40A4524535FAB00CB0729 /* Assets.xcassets in Resources */ = {isa = PBXBuildFile; fileRef = 29C40A4424535FAB00CB0729 /* Assets.xcassets */; };
		29C40A4824535FAB00CB0729 /* LaunchScreen.storyboard in Resources */ = {isa = PBXBuildFile; fileRef = 29C40A4624535FAB00CB0729 /* LaunchScreen.storyboard */; };
		29C40A5A2453619900CB0729 /* nssl0049.jpg in Resources */ = {isa = PBXBuildFile; fileRef = 29C40A502453619900CB0729 /* nssl0049.jpg */; };
		29C40A5B2453619900CB0729 /* nssl0046.jpg in Resources */ = {isa = PBXBuildFile; fileRef = 29C40A512453619900CB0729 /* nssl0046.jpg */; };
		29C40A5C2453619900CB0729 /* nssl0091.jpg in Resources */ = {isa = PBXBuildFile; fileRef = 29C40A522453619900CB0729 /* nssl0091.jpg */; };
		29C40A5D2453619900CB0729 /* nssl0045.jpg in Resources */ = {isa = PBXBuildFile; fileRef = 29C40A532453619900CB0729 /* nssl0045.jpg */; };
		29C40A5E2453619900CB0729 /* nssl0051.jpg in Resources */ = {isa = PBXBuildFile; fileRef = 29C40A542453619900CB0729 /* nssl0051.jpg */; };
		29C40A5F2453619900CB0729 /* nssl0041.jpg in Resources */ = {isa = PBXBuildFile; fileRef = 29C40A552453619900CB0729 /* nssl0041.jpg */; };
		29C40A602453619900CB0729 /* nssl0042.jpg in Resources */ = {isa = PBXBuildFile; fileRef = 29C40A562453619900CB0729 /* nssl0042.jpg */; };
		29C40A612453619900CB0729 /* nssl0043.jpg in Resources */ = {isa = PBXBuildFile; fileRef = 29C40A572453619900CB0729 /* nssl0043.jpg */; };
		29C40A622453619900CB0729 /* nssl0033.jpg in Resources */ = {isa = PBXBuildFile; fileRef = 29C40A582453619900CB0729 /* nssl0033.jpg */; };
		29C40A632453619900CB0729 /* nssl0034.jpg in Resources */ = {isa = PBXBuildFile; fileRef = 29C40A592453619900CB0729 /* nssl0034.jpg */; };
/* End PBXBuildFile section */

/* Begin PBXFileReference section */
		298483882458BBF0004D4849 /* DetailViewController.swift */ = {isa = PBXFileReference; lastKnownFileType = sourcecode.swift; path = DetailViewController.swift; sourceTree = "<group>"; };
		29C40A3824535FA800CB0729 /* Project1.app */ = {isa = PBXFileReference; explicitFileType = wrapper.application; includeInIndex = 0; path = Project1.app; sourceTree = BUILT_PRODUCTS_DIR; };
		29C40A3B24535FA800CB0729 /* AppDelegate.swift */ = {isa = PBXFileReference; lastKnownFileType = sourcecode.swift; path = AppDelegate.swift; sourceTree = "<group>"; };
		29C40A3D24535FA800CB0729 /* SceneDelegate.swift */ = {isa = PBXFileReference; lastKnownFileType = sourcecode.swift; path = SceneDelegate.swift; sourceTree = "<group>"; };
		29C40A3F24535FA800CB0729 /* ViewController.swift */ = {isa = PBXFileReference; lastKnownFileType = sourcecode.swift; path = ViewController.swift; sourceTree = "<group>"; };
		29C40A4224535FA800CB0729 /* Base */ = {isa = PBXFileReference; lastKnownFileType = file.storyboard; name = Base; path = Base.lproj/Main.storyboard; sourceTree = "<group>"; };
		29C40A4424535FAB00CB0729 /* Assets.xcassets */ = {isa = PBXFileReference; lastKnownFileType = folder.assetcatalog; path = Assets.xcassets; sourceTree = "<group>"; };
		29C40A4724535FAB00CB0729 /* Base */ = {isa = PBXFileReference; lastKnownFileType = file.storyboard; name = Base; path = Base.lproj/LaunchScreen.storyboard; sourceTree = "<group>"; };
		29C40A4924535FAB00CB0729 /* Info.plist */ = {isa = PBXFileReference; lastKnownFileType = text.plist.xml; path = Info.plist; sourceTree = "<group>"; };
		29C40A502453619900CB0729 /* nssl0049.jpg */ = {isa = PBXFileReference; lastKnownFileType = image.jpeg; path = nssl0049.jpg; sourceTree = "<group>"; };
		29C40A512453619900CB0729 /* nssl0046.jpg */ = {isa = PBXFileReference; lastKnownFileType = image.jpeg; path = nssl0046.jpg; sourceTree = "<group>"; };
		29C40A522453619900CB0729 /* nssl0091.jpg */ = {isa = PBXFileReference; lastKnownFileType = image.jpeg; path = nssl0091.jpg; sourceTree = "<group>"; };
		29C40A532453619900CB0729 /* nssl0045.jpg */ = {isa = PBXFileReference; lastKnownFileType = image.jpeg; path = nssl0045.jpg; sourceTree = "<group>"; };
		29C40A542453619900CB0729 /* nssl0051.jpg */ = {isa = PBXFileReference; lastKnownFileType = image.jpeg; path = nssl0051.jpg; sourceTree = "<group>"; };
		29C40A552453619900CB0729 /* nssl0041.jpg */ = {isa = PBXFileReference; lastKnownFileType = image.jpeg; path = nssl0041.jpg; sourceTree = "<group>"; };
		29C40A562453619900CB0729 /* nssl0042.jpg */ = {isa = PBXFileReference; lastKnownFileType = image.jpeg; path = nssl0042.jpg; sourceTree = "<group>"; };
		29C40A572453619900CB0729 /* nssl0043.jpg */ = {isa = PBXFileReference; lastKnownFileType = image.jpeg; path = nssl0043.jpg; sourceTree = "<group>"; };
		29C40A582453619900CB0729 /* nssl0033.jpg */ = {isa = PBXFileReference; lastKnownFileType = image.jpeg; path = nssl0033.jpg; sourceTree = "<group>"; };
		29C40A592453619900CB0729 /* nssl0034.jpg */ = {isa = PBXFileReference; lastKnownFileType = image.jpeg; path = nssl0034.jpg; sourceTree = "<group>"; };
/* End PBXFileReference section */

/* Begin PBXFrameworksBuildPhase section */
		29C40A3524535FA800CB0729 /* Frameworks */ = {
			isa = PBXFrameworksBuildPhase;
			buildActionMask = 2147483647;
			files = (
			);
			runOnlyForDeploymentPostprocessing = 0;
		};
/* End PBXFrameworksBuildPhase section */

/* Begin PBXGroup section */
		29C40A2F24535FA800CB0729 = {
			isa = PBXGroup;
			children = (
				29C40A3A24535FA800CB0729 /* Project1 */,
				29C40A3924535FA800CB0729 /* Products */,
			);
			sourceTree = "<group>";
		};
		29C40A3924535FA800CB0729 /* Products */ = {
			isa = PBXGroup;
			children = (
				29C40A3824535FA800CB0729 /* Project1.app */,
			);
			name = Products;
			sourceTree = "<group>";
		};
		29C40A3A24535FA800CB0729 /* Project1 */ = {
			isa = PBXGroup;
			children = (
				29C40A3B24535FA800CB0729 /* AppDelegate.swift */,
				29C40A3D24535FA800CB0729 /* SceneDelegate.swift */,
				29C40A3F24535FA800CB0729 /* ViewController.swift */,
				29C40A4124535FA800CB0729 /* Main.storyboard */,
				298483882458BBF0004D4849 /* DetailViewController.swift */,
				29C40A4424535FAB00CB0729 /* Assets.xcassets */,
				29C40A4624535FAB00CB0729 /* LaunchScreen.storyboard */,
				29C40A4924535FAB00CB0729 /* Info.plist */,
				29C40A4F2453619900CB0729 /* Content */,
			);
			path = Project1;
			sourceTree = "<group>";
		};
		29C40A4F2453619900CB0729 /* Content */ = {
			isa = PBXGroup;
			children = (
				29C40A502453619900CB0729 /* nssl0049.jpg */,
				29C40A512453619900CB0729 /* nssl0046.jpg */,
				29C40A522453619900CB0729 /* nssl0091.jpg */,
				29C40A532453619900CB0729 /* nssl0045.jpg */,
				29C40A542453619900CB0729 /* nssl0051.jpg */,
				29C40A552453619900CB0729 /* nssl0041.jpg */,
				29C40A562453619900CB0729 /* nssl0042.jpg */,
				29C40A572453619900CB0729 /* nssl0043.jpg */,
				29C40A582453619900CB0729 /* nssl0033.jpg */,
				29C40A592453619900CB0729 /* nssl0034.jpg */,
			);
			path = Content;
			sourceTree = "<group>";
		};
/* End PBXGroup section */

/* Begin PBXNativeTarget section */
		29C40A3724535FA800CB0729 /* Project1 */ = {
			isa = PBXNativeTarget;
			buildConfigurationList = 29C40A4C24535FAB00CB0729 /* Build configuration list for PBXNativeTarget "Project1" */;
			buildPhases = (
				29C40A3424535FA800CB0729 /* Sources */,
				29C40A3524535FA800CB0729 /* Frameworks */,
				29C40A3624535FA800CB0729 /* Resources */,
			);
			buildRules = (
			);
			dependencies = (
			);
			name = Project1;
			productName = Project1;
			productReference = 29C40A3824535FA800CB0729 /* Project1.app */;
			productType = "com.apple.product-type.application";
		};
/* End PBXNativeTarget section */

/* Begin PBXProject section */
		29C40A3024535FA800CB0729 /* Project object */ = {
			isa = PBXProject;
			attributes = {
				LastSwiftUpdateCheck = 1140;
				LastUpgradeCheck = 1140;
				ORGANIZATIONNAME = "Arnaud Balma";
				TargetAttributes = {
					29C40A3724535FA800CB0729 = {
						CreatedOnToolsVersion = 11.4.1;
					};
				};
			};
			buildConfigurationList = 29C40A3324535FA800CB0729 /* Build configuration list for PBXProject "Project1" */;
			compatibilityVersion = "Xcode 9.3";
			developmentRegion = en;
			hasScannedForEncodings = 0;
			knownRegions = (
				en,
				Base,
			);
			mainGroup = 29C40A2F24535FA800CB0729;
			productRefGroup = 29C40A3924535FA800CB0729 /* Products */;
			projectDirPath = "";
			projectRoot = "";
			targets = (
				29C40A3724535FA800CB0729 /* Project1 */,
			);
		};
/* End PBXProject section */

/* Begin PBXResourcesBuildPhase section */
		29C40A3624535FA800CB0729 /* Resources */ = {
			isa = PBXResourcesBuildPhase;
			buildActionMask = 2147483647;
			files = (
				29C40A5B2453619900CB0729 /* nssl0046.jpg in Resources */,
				29C40A622453619900CB0729 /* nssl0033.jpg in Resources */,
				29C40A5E2453619900CB0729 /* nssl0051.jpg in Resources */,
				29C40A5C2453619900CB0729 /* nssl0091.jpg in Resources */,
				29C40A612453619900CB0729 /* nssl0043.jpg in Resources */,
				29C40A632453619900CB0729 /* nssl0034.jpg in Resources */,
				29C40A5A2453619900CB0729 /* nssl0049.jpg in Resources */,
				29C40A5F2453619900CB0729 /* nssl0041.jpg in Resources */,
				29C40A602453619900CB0729 /* nssl0042.jpg in Resources */,
				29C40A4824535FAB00CB0729 /* LaunchScreen.storyboard in Resources */,
				29C40A4524535FAB00CB0729 /* Assets.xcassets in Resources */,
				29C40A5D2453619900CB0729 /* nssl0045.jpg in Resources */,
				29C40A4324535FA800CB0729 /* Main.storyboard in Resources */,
			);
			runOnlyForDeploymentPostprocessing = 0;
		};
/* End PBXResourcesBuildPhase section */

/* Begin PBXSourcesBuildPhase section */
		29C40A3424535FA800CB0729 /* Sources */ = {
			isa = PBXSourcesBuildPhase;
			buildActionMask = 2147483647;
			files = (
				29C40A4024535FA800CB0729 /* ViewController.swift in Sources */,
				29C40A3C24535FA800CB0729 /* AppDelegate.swift in Sources */,
				29C40A3E24535FA800CB0729 /* SceneDelegate.swift in Sources */,
				298483892458BBF0004D4849 /* DetailViewController.swift in Sources */,
			);
			runOnlyForDeploymentPostprocessing = 0;
		};
/* End PBXSourcesBuildPhase section */

/* Begin PBXVariantGroup section */
		29C40A4124535FA800CB0729 /* Main.storyboard */ = {
			isa = PBXVariantGroup;
			children = (
				29C40A4224535FA800CB0729 /* Base */,
			);
			name = Main.storyboard;
			sourceTree = "<group>";
		};
		29C40A4624535FAB00CB0729 /* LaunchScreen.storyboard */ = {
			isa = PBXVariantGroup;
			children = (
				29C40A4724535FAB00CB0729 /* Base */,
			);
			name = LaunchScreen.storyboard;
			sourceTree = "<group>";
		};
/* End PBXVariantGroup section */

/* Begin XCBuildConfiguration section */
		29C40A4A24535FAB00CB0729 /* Debug */ = {
			isa = XCBuildConfiguration;
			buildSettings = {
				ALWAYS_SEARCH_USER_PATHS = NO;
				CLANG_ANALYZER_NONNULL = YES;
				CLANG_ANALYZER_NUMBER_OBJECT_CONVERSION = YES_AGGRESSIVE;
				CLANG_CXX_LANGUAGE_STANDARD = "gnu++14";
				CLANG_CXX_LIBRARY = "libc++";
				CLANG_ENABLE_MODULES = YES;
				CLANG_ENABLE_OBJC_ARC = YES;
				CLANG_ENABLE_OBJC_WEAK = YES;
				CLANG_WARN_BLOCK_CAPTURE_AUTORELEASING = YES;
				CLANG_WARN_BOOL_CONVERSION = YES;
				CLANG_WARN_COMMA = YES;
				CLANG_WARN_CONSTANT_CONVERSION = YES;
				CLANG_WARN_DEPRECATED_OBJC_IMPLEMENTATIONS = YES;
				CLANG_WARN_DIRECT_OBJC_ISA_USAGE = YES_ERROR;
				CLANG_WARN_DOCUMENTATION_COMMENTS = YES;
				CLANG_WARN_EMPTY_BODY = YES;
				CLANG_WARN_ENUM_CONVERSION = YES;
				CLANG_WARN_INFINITE_RECURSION = YES;
				CLANG_WARN_INT_CONVERSION = YES;
				CLANG_WARN_NON_LITERAL_NULL_CONVERSION = YES;
				CLANG_WARN_OBJC_IMPLICIT_RETAIN_SELF = YES;
				CLANG_WARN_OBJC_LITERAL_CONVERSION = YES;
				CLANG_WARN_OBJC_ROOT_CLASS = YES_ERROR;
				CLANG_WARN_RANGE_LOOP_ANALYSIS = YES;
				CLANG_WARN_STRICT_PROTOTYPES = YES;
				CLANG_WARN_SUSPICIOUS_MOVE = YES;
				CLANG_WARN_UNGUARDED_AVAILABILITY = YES_AGGRESSIVE;
				CLANG_WARN_UNREACHABLE_CODE = YES;
				CLANG_WARN__DUPLICATE_METHOD_MATCH = YES;
				COPY_PHASE_STRIP = NO;
				DEBUG_INFORMATION_FORMAT = dwarf;
				ENABLE_STRICT_OBJC_MSGSEND = YES;
				ENABLE_TESTABILITY = YES;
				GCC_C_LANGUAGE_STANDARD = gnu11;
				GCC_DYNAMIC_NO_PIC = NO;
				GCC_NO_COMMON_BLOCKS = YES;
				GCC_OPTIMIZATION_LEVEL = 0;
				GCC_PREPROCESSOR_DEFINITIONS = (
					"DEBUG=1",
					"$(inherited)",
				);
				GCC_WARN_64_TO_32_BIT_CONVERSION = YES;
				GCC_WARN_ABOUT_RETURN_TYPE = YES_ERROR;
				GCC_WARN_UNDECLARED_SELECTOR = YES;
				GCC_WARN_UNINITIALIZED_AUTOS = YES_AGGRESSIVE;
				GCC_WARN_UNUSED_FUNCTION = YES;
				GCC_WARN_UNUSED_VARIABLE = YES;
				IPHONEOS_DEPLOYMENT_TARGET = 13.4;
				MTL_ENABLE_DEBUG_INFO = INCLUDE_SOURCE;
				MTL_FAST_MATH = YES;
				ONLY_ACTIVE_ARCH = YES;
				SDKROOT = iphoneos;
				SWIFT_ACTIVE_COMPILATION_CONDITIONS = DEBUG;
				SWIFT_OPTIMIZATION_LEVEL = "-Onone";
			};
			name = Debug;
		};
		29C40A4B24535FAB00CB0729 /* Release */ = {
			isa = XCBuildConfiguration;
			buildSettings = {
				ALWAYS_SEARCH_USER_PATHS = NO;
				CLANG_ANALYZER_NONNULL = YES;
				CLANG_ANALYZER_NUMBER_OBJECT_CONVERSION = YES_AGGRESSIVE;
				CLANG_CXX_LANGUAGE_STANDARD = "gnu++14";
				CLANG_CXX_LIBRARY = "libc++";
				CLANG_ENABLE_MODULES = YES;
				CLANG_ENABLE_OBJC_ARC = YES;
				CLANG_ENABLE_OBJC_WEAK = YES;
				CLANG_WARN_BLOCK_CAPTURE_AUTORELEASING = YES;
				CLANG_WARN_BOOL_CONVERSION = YES;
				CLANG_WARN_COMMA = YES;
				CLANG_WARN_CONSTANT_CONVERSION = YES;
				CLANG_WARN_DEPRECATED_OBJC_IMPLEMENTATIONS = YES;
				CLANG_WARN_DIRECT_OBJC_ISA_USAGE = YES_ERROR;
				CLANG_WARN_DOCUMENTATION_COMMENTS = YES;
				CLANG_WARN_EMPTY_BODY = YES;
				CLANG_WARN_ENUM_CONVERSION = YES;
				CLANG_WARN_INFINITE_RECURSION = YES;
				CLANG_WARN_INT_CONVERSION = YES;
				CLANG_WARN_NON_LITERAL_NULL_CONVERSION = YES;
				CLANG_WARN_OBJC_IMPLICIT_RETAIN_SELF = YES;
				CLANG_WARN_OBJC_LITERAL_CONVERSION = YES;
				CLANG_WARN_OBJC_ROOT_CLASS = YES_ERROR;
				CLANG_WARN_RANGE_LOOP_ANALYSIS = YES;
				CLANG_WARN_STRICT_PROTOTYPES = YES;
				CLANG_WARN_SUSPICIOUS_MOVE = YES;
				CLANG_WARN_UNGUARDED_AVAILABILITY = YES_AGGRESSIVE;
				CLANG_WARN_UNREACHABLE_CODE = YES;
				CLANG_WARN__DUPLICATE_METHOD_MATCH = YES;
				COPY_PHASE_STRIP = NO;
				DEBUG_INFORMATION_FORMAT = "dwarf-with-dsym";
				ENABLE_NS_ASSERTIONS = NO;
				ENABLE_STRICT_OBJC_MSGSEND = YES;
				GCC_C_LANGUAGE_STANDARD = gnu11;
				GCC_NO_COMMON_BLOCKS = YES;
				GCC_WARN_64_TO_32_BIT_CONVERSION = YES;
				GCC_WARN_ABOUT_RETURN_TYPE = YES_ERROR;
				GCC_WARN_UNDECLARED_SELECTOR = YES;
				GCC_WARN_UNINITIALIZED_AUTOS = YES_AGGRESSIVE;
				GCC_WARN_UNUSED_FUNCTION = YES;
				GCC_WARN_UNUSED_VARIABLE = YES;
				IPHONEOS_DEPLOYMENT_TARGET = 13.4;
				MTL_ENABLE_DEBUG_INFO = NO;
				MTL_FAST_MATH = YES;
				SDKROOT = iphoneos;
				SWIFT_COMPILATION_MODE = wholemodule;
				SWIFT_OPTIMIZATION_LEVEL = "-O";
				VALIDATE_PRODUCT = YES;
			};
			name = Release;
		};
		29C40A4D24535FAB00CB0729 /* Debug */ = {
			isa = XCBuildConfiguration;
			buildSettings = {
				ASSETCATALOG_COMPILER_APPICON_NAME = AppIcon;
				CODE_SIGN_STYLE = Automatic;
				DEVELOPMENT_TEAM = 7C3NN78HRH;
				INFOPLIST_FILE = Project1/Info.plist;
				LD_RUNPATH_SEARCH_PATHS = (
					"$(inherited)",
					"@executable_path/Frameworks",
				);
				PRODUCT_BUNDLE_IDENTIFIER = com.arnaudbalma.Project1;
				PRODUCT_NAME = "$(TARGET_NAME)";
				SWIFT_VERSION = 5.0;
				TARGETED_DEVICE_FAMILY = "1,2";
			};
			name = Debug;
		};
		29C40A4E24535FAB00CB0729 /* Release */ = {
			isa = XCBuildConfiguration;
			buildSettings = {
				ASSETCATALOG_COMPILER_APPICON_NAME = AppIcon;
				CODE_SIGN_STYLE = Automatic;
				DEVELOPMENT_TEAM = 7C3NN78HRH;
				INFOPLIST_FILE = Project1/Info.plist;
				LD_RUNPATH_SEARCH_PATHS = (
					"$(inherited)",
					"@executable_path/Frameworks",
				);
				PRODUCT_BUNDLE_IDENTIFIER = com.arnaudbalma.Project1;
				PRODUCT_NAME = "$(TARGET_NAME)";
				SWIFT_VERSION = 5.0;
				TARGETED_DEVICE_FAMILY = "1,2";
			};
			name = Release;
		};
/* End XCBuildConfiguration section */

/* Begin XCConfigurationList section */
		29C40A3324535FA800CB0729 /* Build configuration list for PBXProject "Project1" */ = {
			isa = XCConfigurationList;
			buildConfigurations = (
				29C40A4A24535FAB00CB0729 /* Debug */,
				29C40A4B24535FAB00CB0729 /* Release */,
			);
			defaultConfigurationIsVisible = 0;
			defaultConfigurationName = Release;
		};
		29C40A4C24535FAB00CB0729 /* Build configuration list for PBXNativeTarget "Project1" */ = {
			isa = XCConfigurationList;
			buildConfigurations = (
				29C40A4D24535FAB00CB0729 /* Debug */,
				29C40A4E24535FAB00CB0729 /* Release */,
			);
			defaultConfigurationIsVisible = 0;
			defaultConfigurationName = Release;
		};
/* End XCConfigurationList section */
	};
	rootObject = 29C40A3024535FA800CB0729 /* Project object */;
}
